
Microsoft Visual Studio Solution File, Format Version 12.00
# Visual Studio Version 16
VisualStudioVersion = 16.0.30804.86
MinimumVisualStudioVersion = 10.0.40219.1
Project("{8BC9CEB8-8B4A-11D0-8D11-00A0C91BC942}") = "BruteForce", "BruteForce.vcxproj", "{BF8D4438-ADF6-4E00-8AB0-A3A2340F3667}"
EndProject
Global
	GlobalSection(SolutionConfigurationPlatforms) = preSolution
		Debug|x64 = Debug|x64
		Debug|x86 = Debug|x86
		Release|x64 = Release|x64
		Release|x86 = Release|x86
	EndGlobalSection
	GlobalSection(ProjectConfigurationPlatforms) = postSolution
		{BF8D4438-ADF6-4E00-8AB0-A3A2340F3667}.Debug|x64.ActiveCfg = Debug|x64
		{BF8D4438-ADF6-4E00-8AB0-A3A2340F3667}.Debug|x64.Build.0 = Debug|x64
		{BF8D4438-ADF6-4E00-8AB0-A3A2340F3667}.Debug|x86.ActiveCfg = Debug|Win32
		{BF8D4438-ADF6-4E00-8AB0-A3A2340F3667}.Debug|x86.Build.0 = Debug|Win32
		{BF8D4438-ADF6-4E00-8AB0-A3A2340F3667}.Release|x64.ActiveCfg = Release|x64
		{BF8D4438-ADF6-4E00-8AB0-A3A2340F3667}.Release|x64.Build.0 = Release|x64
		{BF8D4438-ADF6-4E00-8AB0-A3A2340F3667}.Release|x86.ActiveCfg = Release|Win32
		{BF8D4438-ADF6-4E00-8AB0-A3A2340F3667}.Release|x86.Build.0 = Release|Win32
	EndGlobalSection
	GlobalSection(SolutionProperties) = preSolution
		HideSolutionNode = FALSE
	EndGlobalSection
	GlobalSection(ExtensibilityGlobals) = postSolution
		SolutionGuid = {74BF4327-F0F1-4173-9964-E61CCD145CAB}
	EndGlobalSection
EndGlobal
